
Microsoft Visual Studio Solution File, Format Version 12.00
# Visual Studio 15
VisualStudioVersion = 15.0.26228.9
MinimumVisualStudioVersion = 10.0.40219.1
Project("{2150E333-8FDC-42A3-9474-1A3956D46DE8}") = "src", "src", "{AFAA0841-BD93-466F-B8F4-FB4EEC86F1FC}"
EndProject
Project("{2150E333-8FDC-42A3-9474-1A3956D46DE8}") = "test", "test", "{F10AA149-2626-486E-85BB-9CD5365F3016}"
EndProject
Project("{9A19103F-16F7-4668-BE54-9A1E7A4F7556}") = "GYISMS.Core", "src\GYISMS.Core\GYISMS.Core.csproj", "{0FA75A5B-AB83-4FD0-B545-279774C01E87}"
EndProject
Project("{9A19103F-16F7-4668-BE54-9A1E7A4F7556}") = "GYISMS.Application", "src\GYISMS.Application\GYISMS.Application.csproj", "{3870C648-4AEA-4B85-BA3F-F2F63B96136A}"
EndProject
Project("{9A19103F-16F7-4668-BE54-9A1E7A4F7556}") = "GYISMS.Tests", "test\GYISMS.Tests\GYISMS.Tests.csproj", "{0D4C5D00-C144-4213-A007-4B8944113AB1}"
EndProject
Project("{9A19103F-16F7-4668-BE54-9A1E7A4F7556}") = "GYISMS.Migrator", "src\GYISMS.Migrator\GYISMS.Migrator.csproj", "{880B3591-E057-46FE-B525-10BD83828B93}"
EndProject
Project("{9A19103F-16F7-4668-BE54-9A1E7A4F7556}") = "GYISMS.Web.Host", "src\GYISMS.Web.Host\GYISMS.Web.Host.csproj", "{38E184BD-E874-4633-A947-AED4FDB73F40}"
EndProject
Project("{9A19103F-16F7-4668-BE54-9A1E7A4F7556}") = "GYISMS.Web.Core", "src\GYISMS.Web.Core\GYISMS.Web.Core.csproj", "{22CFE0D2-8DCA-42D7-AD7D-784C3862493F}"
EndProject
Project("{9A19103F-16F7-4668-BE54-9A1E7A4F7556}") = "GYISMS.EntityFrameworkCore", "src\GYISMS.EntityFrameworkCore\GYISMS.EntityFrameworkCore.csproj", "{E0580562-F8F2-4EBB-B07A-ABFC6F2C314F}"
EndProject
Project("{2150E333-8FDC-42A3-9474-1A3956D46DE8}") = "01_Infrastructure", "01_Infrastructure", "{0B2CD1B3-4C2D-47DC-9907-37EAFD97B29A}"
EndProject
Project("{2150E333-8FDC-42A3-9474-1A3956D46DE8}") = "02_Domain", "02_Domain", "{5A25D80D-B577-4120-AD17-B0EFDDD4386B}"
EndProject
Project("{2150E333-8FDC-42A3-9474-1A3956D46DE8}") = "03_Application", "03_Application", "{9DB08A82-2253-45A9-BB8A-660D67B6B74C}"
EndProject
Project("{2150E333-8FDC-42A3-9474-1A3956D46DE8}") = "04_Presentation", "04_Presentation", "{828ADE20-0C09-4297-BDAE-1B8490B65357}"
EndProject
Project("{2150E333-8FDC-42A3-9474-1A3956D46DE8}") = "90_Tools", "90_Tools", "{48B04E02-AB69-4EEA-83D3-8E44D38DBA31}"
EndProject
Project("{2150E333-8FDC-42A3-9474-1A3956D46DE8}") = "00_SDK", "00_SDK", "{AEE5A4FD-637E-4D6D-9C7F-6EC1CFB16DDB}"
	ProjectSection(SolutionItems) = preProject
		SDK\TopSdk.dll = SDK\TopSdk.dll
	EndProjectSection
EndProject
Global
	GlobalSection(SolutionConfigurationPlatforms) = preSolution
		Debug|Any CPU = Debug|Any CPU
		Debug|x64 = Debug|x64
		Release|Any CPU = Release|Any CPU
		Release|x64 = Release|x64
	EndGlobalSection
	GlobalSection(ProjectConfigurationPlatforms) = postSolution
		{0FA75A5B-AB83-4FD0-B545-279774C01E87}.Debug|Any CPU.ActiveCfg = Debug|Any CPU
		{0FA75A5B-AB83-4FD0-B545-279774C01E87}.Debug|Any CPU.Build.0 = Debug|Any CPU
		{0FA75A5B-AB83-4FD0-B545-279774C01E87}.Debug|x64.ActiveCfg = Debug|x64
		{0FA75A5B-AB83-4FD0-B545-279774C01E87}.Debug|x64.Build.0 = Debug|x64
		{0FA75A5B-AB83-4FD0-B545-279774C01E87}.Release|Any CPU.ActiveCfg = Release|Any CPU
		{0FA75A5B-AB83-4FD0-B545-279774C01E87}.Release|Any CPU.Build.0 = Release|Any CPU
		{0FA75A5B-AB83-4FD0-B545-279774C01E87}.Release|x64.ActiveCfg = Release|x64
		{0FA75A5B-AB83-4FD0-B545-279774C01E87}.Release|x64.Build.0 = Release|x64
		{3870C648-4AEA-4B85-BA3F-F2F63B96136A}.Debug|Any CPU.ActiveCfg = Debug|Any CPU
		{3870C648-4AEA-4B85-BA3F-F2F63B96136A}.Debug|Any CPU.Build.0 = Debug|Any CPU
		{3870C648-4AEA-4B85-BA3F-F2F63B96136A}.Debug|x64.ActiveCfg = Debug|x64
		{3870C648-4AEA-4B85-BA3F-F2F63B96136A}.Debug|x64.Build.0 = Debug|x64
		{3870C648-4AEA-4B85-BA3F-F2F63B96136A}.Release|Any CPU.ActiveCfg = Release|Any CPU
		{3870C648-4AEA-4B85-BA3F-F2F63B96136A}.Release|Any CPU.Build.0 = Release|Any CPU
		{3870C648-4AEA-4B85-BA3F-F2F63B96136A}.Release|x64.ActiveCfg = Release|x64
		{3870C648-4AEA-4B85-BA3F-F2F63B96136A}.Release|x64.Build.0 = Release|x64
		{0D4C5D00-C144-4213-A007-4B8944113AB1}.Debug|Any CPU.ActiveCfg = Debug|Any CPU
		{0D4C5D00-C144-4213-A007-4B8944113AB1}.Debug|Any CPU.Build.0 = Debug|Any CPU
		{0D4C5D00-C144-4213-A007-4B8944113AB1}.Debug|x64.ActiveCfg = Debug|x64
		{0D4C5D00-C144-4213-A007-4B8944113AB1}.Debug|x64.Build.0 = Debug|x64
		{0D4C5D00-C144-4213-A007-4B8944113AB1}.Release|Any CPU.ActiveCfg = Release|Any CPU
		{0D4C5D00-C144-4213-A007-4B8944113AB1}.Release|Any CPU.Build.0 = Release|Any CPU
		{0D4C5D00-C144-4213-A007-4B8944113AB1}.Release|x64.ActiveCfg = Release|x64
		{0D4C5D00-C144-4213-A007-4B8944113AB1}.Release|x64.Build.0 = Release|x64
		{880B3591-E057-46FE-B525-10BD83828B93}.Debug|Any CPU.ActiveCfg = Debug|Any CPU
		{880B3591-E057-46FE-B525-10BD83828B93}.Debug|Any CPU.Build.0 = Debug|Any CPU
		{880B3591-E057-46FE-B525-10BD83828B93}.Debug|x64.ActiveCfg = Debug|x64
		{880B3591-E057-46FE-B525-10BD83828B93}.Debug|x64.Build.0 = Debug|x64
		{880B3591-E057-46FE-B525-10BD83828B93}.Release|Any CPU.ActiveCfg = Release|Any CPU
		{880B3591-E057-46FE-B525-10BD83828B93}.Release|Any CPU.Build.0 = Release|Any CPU
		{880B3591-E057-46FE-B525-10BD83828B93}.Release|x64.ActiveCfg = Release|x64
		{880B3591-E057-46FE-B525-10BD83828B93}.Release|x64.Build.0 = Release|x64
		{38E184BD-E874-4633-A947-AED4FDB73F40}.Debug|Any CPU.ActiveCfg = Debug|Any CPU
		{38E184BD-E874-4633-A947-AED4FDB73F40}.Debug|Any CPU.Build.0 = Debug|Any CPU
		{38E184BD-E874-4633-A947-AED4FDB73F40}.Debug|x64.ActiveCfg = Debug|x64
		{38E184BD-E874-4633-A947-AED4FDB73F40}.Debug|x64.Build.0 = Debug|x64
		{38E184BD-E874-4633-A947-AED4FDB73F40}.Release|Any CPU.ActiveCfg = Release|Any CPU
		{38E184BD-E874-4633-A947-AED4FDB73F40}.Release|Any CPU.Build.0 = Release|Any CPU
		{38E184BD-E874-4633-A947-AED4FDB73F40}.Release|x64.ActiveCfg = Release|x64
		{38E184BD-E874-4633-A947-AED4FDB73F40}.Release|x64.Build.0 = Release|x64
		{22CFE0D2-8DCA-42D7-AD7D-784C3862493F}.Debug|Any CPU.ActiveCfg = Debug|Any CPU
		{22CFE0D2-8DCA-42D7-AD7D-784C3862493F}.Debug|Any CPU.Build.0 = Debug|Any CPU
		{22CFE0D2-8DCA-42D7-AD7D-784C3862493F}.Debug|x64.ActiveCfg = Debug|x64
		{22CFE0D2-8DCA-42D7-AD7D-784C3862493F}.Debug|x64.Build.0 = Debug|x64
		{22CFE0D2-8DCA-42D7-AD7D-784C3862493F}.Release|Any CPU.ActiveCfg = Release|Any CPU
		{22CFE0D2-8DCA-42D7-AD7D-784C3862493F}.Release|Any CPU.Build.0 = Release|Any CPU
		{22CFE0D2-8DCA-42D7-AD7D-784C3862493F}.Release|x64.ActiveCfg = Release|x64
		{22CFE0D2-8DCA-42D7-AD7D-784C3862493F}.Release|x64.Build.0 = Release|x64
		{E0580562-F8F2-4EBB-B07A-ABFC6F2C314F}.Debug|Any CPU.ActiveCfg = Debug|Any CPU
		{E0580562-F8F2-4EBB-B07A-ABFC6F2C314F}.Debug|Any CPU.Build.0 = Debug|Any CPU
		{E0580562-F8F2-4EBB-B07A-ABFC6F2C314F}.Debug|x64.ActiveCfg = Debug|x64
		{E0580562-F8F2-4EBB-B07A-ABFC6F2C314F}.Debug|x64.Build.0 = Debug|x64
		{E0580562-F8F2-4EBB-B07A-ABFC6F2C314F}.Release|Any CPU.ActiveCfg = Release|Any CPU
		{E0580562-F8F2-4EBB-B07A-ABFC6F2C314F}.Release|Any CPU.Build.0 = Release|Any CPU
		{E0580562-F8F2-4EBB-B07A-ABFC6F2C314F}.Release|x64.ActiveCfg = Release|x64
		{E0580562-F8F2-4EBB-B07A-ABFC6F2C314F}.Release|x64.Build.0 = Release|x64
	EndGlobalSection
	GlobalSection(SolutionProperties) = preSolution
		HideSolutionNode = FALSE
	EndGlobalSection
	GlobalSection(NestedProjects) = preSolution
		{0FA75A5B-AB83-4FD0-B545-279774C01E87} = {5A25D80D-B577-4120-AD17-B0EFDDD4386B}
		{3870C648-4AEA-4B85-BA3F-F2F63B96136A} = {9DB08A82-2253-45A9-BB8A-660D67B6B74C}
		{0D4C5D00-C144-4213-A007-4B8944113AB1} = {F10AA149-2626-486E-85BB-9CD5365F3016}
		{880B3591-E057-46FE-B525-10BD83828B93} = {48B04E02-AB69-4EEA-83D3-8E44D38DBA31}
		{38E184BD-E874-4633-A947-AED4FDB73F40} = {828ADE20-0C09-4297-BDAE-1B8490B65357}
		{22CFE0D2-8DCA-42D7-AD7D-784C3862493F} = {828ADE20-0C09-4297-BDAE-1B8490B65357}
		{E0580562-F8F2-4EBB-B07A-ABFC6F2C314F} = {0B2CD1B3-4C2D-47DC-9907-37EAFD97B29A}
		{0B2CD1B3-4C2D-47DC-9907-37EAFD97B29A} = {AFAA0841-BD93-466F-B8F4-FB4EEC86F1FC}
		{5A25D80D-B577-4120-AD17-B0EFDDD4386B} = {AFAA0841-BD93-466F-B8F4-FB4EEC86F1FC}
		{9DB08A82-2253-45A9-BB8A-660D67B6B74C} = {AFAA0841-BD93-466F-B8F4-FB4EEC86F1FC}
		{828ADE20-0C09-4297-BDAE-1B8490B65357} = {AFAA0841-BD93-466F-B8F4-FB4EEC86F1FC}
		{48B04E02-AB69-4EEA-83D3-8E44D38DBA31} = {AFAA0841-BD93-466F-B8F4-FB4EEC86F1FC}
		{AEE5A4FD-637E-4D6D-9C7F-6EC1CFB16DDB} = {AFAA0841-BD93-466F-B8F4-FB4EEC86F1FC}
	EndGlobalSection
	GlobalSection(ExtensibilityGlobals) = postSolution
		SolutionGuid = {E13BE387-9941-493A-AE2D-1963D234EC0E}
	EndGlobalSection
EndGlobal
